// !$*UTF8*$!
{
	archiveVersion = 1;
	classes = {
	};
	objectVersion = 51;
	objects = {

/* Begin PBXBuildFile section */
		2202CD10259EDEE000ECA059 /* DebitCardCell.swift in Sources */ = {isa = PBXBuildFile; fileRef = 2202CD0E259EDEE000ECA059 /* DebitCardCell.swift */; };
		2202CD11259EDEE000ECA059 /* DebitCardCell.xib in Resources */ = {isa = PBXBuildFile; fileRef = 2202CD0F259EDEE000ECA059 /* DebitCardCell.xib */; };
		225684E02574759D005553A8 /* AppDelegate.swift in Sources */ = {isa = PBXBuildFile; fileRef = 225684DF2574759D005553A8 /* AppDelegate.swift */; };
		225684E22574759D005553A8 /* SceneDelegate.swift in Sources */ = {isa = PBXBuildFile; fileRef = 225684E12574759D005553A8 /* SceneDelegate.swift */; };
		225684E42574759D005553A8 /* WelcomeViewController.swift in Sources */ = {isa = PBXBuildFile; fileRef = 225684E32574759D005553A8 /* WelcomeViewController.swift */; };
		225684E72574759D005553A8 /* Main.storyboard in Resources */ = {isa = PBXBuildFile; fileRef = 225684E52574759D005553A8 /* Main.storyboard */; };
		225684E92574759E005553A8 /* Assets.xcassets in Resources */ = {isa = PBXBuildFile; fileRef = 225684E82574759E005553A8 /* Assets.xcassets */; };
		225684EC2574759E005553A8 /* LaunchScreen.storyboard in Resources */ = {isa = PBXBuildFile; fileRef = 225684EA2574759E005553A8 /* LaunchScreen.storyboard */; };
		225684F625788698005553A8 /* LoginViewController.swift in Sources */ = {isa = PBXBuildFile; fileRef = 225684F525788698005553A8 /* LoginViewController.swift */; };
		225684F925788DEE005553A8 /* PasswordViewController.swift in Sources */ = {isa = PBXBuildFile; fileRef = 225684F825788DEE005553A8 /* PasswordViewController.swift */; };
		225684FC257C57AF005553A8 /* GoogleService-Info.plist in Resources */ = {isa = PBXBuildFile; fileRef = 225684FB257C57AF005553A8 /* GoogleService-Info.plist */; };
		22568556257D43AE005553A8 /* QuestionsViewController.swift in Sources */ = {isa = PBXBuildFile; fileRef = 22568555257D43AE005553A8 /* QuestionsViewController.swift */; };
		22568566257D4A80005553A8 /* HelpFunctions.swift in Sources */ = {isa = PBXBuildFile; fileRef = 22568565257D4A80005553A8 /* HelpFunctions.swift */; };
		2256859E257D574F005553A8 /* User.swift in Sources */ = {isa = PBXBuildFile; fileRef = 2256859D257D574F005553A8 /* User.swift */; };
		22C3360825857BD400579C39 /* UserState.swift in Sources */ = {isa = PBXBuildFile; fileRef = 22C3360725857BD400579C39 /* UserState.swift */; };
		22C3360B2585870300579C39 /* ChangeExtraSpentViewController.swift in Sources */ = {isa = PBXBuildFile; fileRef = 22C3360A2585870300579C39 /* ChangeExtraSpentViewController.swift */; };
		22C3360E25858C1300579C39 /* JobsViewController.swift in Sources */ = {isa = PBXBuildFile; fileRef = 22C3360D25858C1300579C39 /* JobsViewController.swift */; };
		22C3361225858CEA00579C39 /* jobsTableViewCell.swift in Sources */ = {isa = PBXBuildFile; fileRef = 22C3361025858CEA00579C39 /* jobsTableViewCell.swift */; };
		22C3361325858CEA00579C39 /* jobsTableViewCell.xib in Resources */ = {isa = PBXBuildFile; fileRef = 22C3361125858CEA00579C39 /* jobsTableViewCell.xib */; };
		22DA0304259FFABC00E719B3 /* UserModel.xcdatamodeld in Sources */ = {isa = PBXBuildFile; fileRef = 22DA0302259FFABC00E719B3 /* UserModel.xcdatamodeld */; };
		22DA036425A0024900E719B3 /* DebitCardData+CoreDataClass.swift in Sources */ = {isa = PBXBuildFile; fileRef = 22DA035C25A0024900E719B3 /* DebitCardData+CoreDataClass.swift */; };
		22DA036525A0024900E719B3 /* DebitCardData+CoreDataProperties.swift in Sources */ = {isa = PBXBuildFile; fileRef = 22DA035D25A0024900E719B3 /* DebitCardData+CoreDataProperties.swift */; };
		22DA036625A0024900E719B3 /* JobData+CoreDataClass.swift in Sources */ = {isa = PBXBuildFile; fileRef = 22DA035E25A0024900E719B3 /* JobData+CoreDataClass.swift */; };
		22DA036725A0024900E719B3 /* JobData+CoreDataProperties.swift in Sources */ = {isa = PBXBuildFile; fileRef = 22DA035F25A0024900E719B3 /* JobData+CoreDataProperties.swift */; };
		22DA036825A0024900E719B3 /* MounthlySpentData+CoreDataClass.swift in Sources */ = {isa = PBXBuildFile; fileRef = 22DA036025A0024900E719B3 /* MounthlySpentData+CoreDataClass.swift */; };
		22DA036925A0024900E719B3 /* MounthlySpentData+CoreDataProperties.swift in Sources */ = {isa = PBXBuildFile; fileRef = 22DA036125A0024900E719B3 /* MounthlySpentData+CoreDataProperties.swift */; };
		22DA036A25A0024900E719B3 /* UserData+CoreDataClass.swift in Sources */ = {isa = PBXBuildFile; fileRef = 22DA036225A0024900E719B3 /* UserData+CoreDataClass.swift */; };
		22DA036B25A0024900E719B3 /* UserData+CoreDataProperties.swift in Sources */ = {isa = PBXBuildFile; fileRef = 22DA036325A0024900E719B3 /* UserData+CoreDataProperties.swift */; };
		5ED7AC5BBD7E3F4D23EA37BF /* Pods_Smart_Expence_Tracker.framework in Frameworks */ = {isa = PBXBuildFile; fileRef = B6ADD3F63135F31DE75D7406 /* Pods_Smart_Expence_Tracker.framework */; };
/* End PBXBuildFile section */

/* Begin PBXFileReference section */
		2202CD0E259EDEE000ECA059 /* DebitCardCell.swift */ = {isa = PBXFileReference; lastKnownFileType = sourcecode.swift; path = DebitCardCell.swift; sourceTree = "<group>"; };
		2202CD0F259EDEE000ECA059 /* DebitCardCell.xib */ = {isa = PBXFileReference; lastKnownFileType = file.xib; path = DebitCardCell.xib; sourceTree = "<group>"; };
		225684DC2574759D005553A8 /* Smart Expence Tracker.app */ = {isa = PBXFileReference; explicitFileType = wrapper.application; includeInIndex = 0; path = "Smart Expence Tracker.app"; sourceTree = BUILT_PRODUCTS_DIR; };
		225684DF2574759D005553A8 /* AppDelegate.swift */ = {isa = PBXFileReference; lastKnownFileType = sourcecode.swift; path = AppDelegate.swift; sourceTree = "<group>"; };
		225684E12574759D005553A8 /* SceneDelegate.swift */ = {isa = PBXFileReference; lastKnownFileType = sourcecode.swift; path = SceneDelegate.swift; sourceTree = "<group>"; };
		225684E32574759D005553A8 /* WelcomeViewController.swift */ = {isa = PBXFileReference; lastKnownFileType = sourcecode.swift; path = WelcomeViewController.swift; sourceTree = "<group>"; };
		225684E62574759D005553A8 /* Base */ = {isa = PBXFileReference; lastKnownFileType = file.storyboard; name = Base; path = Base.lproj/Main.storyboard; sourceTree = "<group>"; };
		225684E82574759E005553A8 /* Assets.xcassets */ = {isa = PBXFileReference; lastKnownFileType = folder.assetcatalog; path = Assets.xcassets; sourceTree = "<group>"; };
		225684EB2574759E005553A8 /* Base */ = {isa = PBXFileReference; lastKnownFileType = file.storyboard; name = Base; path = Base.lproj/LaunchScreen.storyboard; sourceTree = "<group>"; };
		225684ED2574759E005553A8 /* Info.plist */ = {isa = PBXFileReference; lastKnownFileType = text.plist.xml; path = Info.plist; sourceTree = "<group>"; };
		225684F525788698005553A8 /* LoginViewController.swift */ = {isa = PBXFileReference; lastKnownFileType = sourcecode.swift; path = LoginViewController.swift; sourceTree = "<group>"; };
		225684F825788DEE005553A8 /* PasswordViewController.swift */ = {isa = PBXFileReference; lastKnownFileType = sourcecode.swift; path = PasswordViewController.swift; sourceTree = "<group>"; };
		225684FB257C57AF005553A8 /* GoogleService-Info.plist */ = {isa = PBXFileReference; fileEncoding = 4; lastKnownFileType = text.plist.xml; path = "GoogleService-Info.plist"; sourceTree = "<group>"; };
		22568555257D43AE005553A8 /* QuestionsViewController.swift */ = {isa = PBXFileReference; lastKnownFileType = sourcecode.swift; path = QuestionsViewController.swift; sourceTree = "<group>"; };
		22568565257D4A80005553A8 /* HelpFunctions.swift */ = {isa = PBXFileReference; lastKnownFileType = sourcecode.swift; path = HelpFunctions.swift; sourceTree = "<group>"; };
		2256859D257D574F005553A8 /* User.swift */ = {isa = PBXFileReference; lastKnownFileType = sourcecode.swift; path = User.swift; sourceTree = "<group>"; };
		22C3360725857BD400579C39 /* UserState.swift */ = {isa = PBXFileReference; lastKnownFileType = sourcecode.swift; path = UserState.swift; sourceTree = "<group>"; };
		22C3360A2585870300579C39 /* ChangeExtraSpentViewController.swift */ = {isa = PBXFileReference; lastKnownFileType = sourcecode.swift; path = ChangeExtraSpentViewController.swift; sourceTree = "<group>"; };
		22C3360D25858C1300579C39 /* JobsViewController.swift */ = {isa = PBXFileReference; lastKnownFileType = sourcecode.swift; path = JobsViewController.swift; sourceTree = "<group>"; };
		22C3361025858CEA00579C39 /* jobsTableViewCell.swift */ = {isa = PBXFileReference; lastKnownFileType = sourcecode.swift; path = jobsTableViewCell.swift; sourceTree = "<group>"; };
		22C3361125858CEA00579C39 /* jobsTableViewCell.xib */ = {isa = PBXFileReference; lastKnownFileType = file.xib; path = jobsTableViewCell.xib; sourceTree = "<group>"; };
		22DA0303259FFABC00E719B3 /* UserModel.xcdatamodel */ = {isa = PBXFileReference; lastKnownFileType = wrapper.xcdatamodel; path = UserModel.xcdatamodel; sourceTree = "<group>"; };
		22DA035C25A0024900E719B3 /* DebitCardData+CoreDataClass.swift */ = {isa = PBXFileReference; lastKnownFileType = sourcecode.swift; path = "DebitCardData+CoreDataClass.swift"; sourceTree = "<group>"; };
		22DA035D25A0024900E719B3 /* DebitCardData+CoreDataProperties.swift */ = {isa = PBXFileReference; lastKnownFileType = sourcecode.swift; path = "DebitCardData+CoreDataProperties.swift"; sourceTree = "<group>"; };
		22DA035E25A0024900E719B3 /* JobData+CoreDataClass.swift */ = {isa = PBXFileReference; lastKnownFileType = sourcecode.swift; path = "JobData+CoreDataClass.swift"; sourceTree = "<group>"; };
		22DA035F25A0024900E719B3 /* JobData+CoreDataProperties.swift */ = {isa = PBXFileReference; lastKnownFileType = sourcecode.swift; path = "JobData+CoreDataProperties.swift"; sourceTree = "<group>"; };
		22DA036025A0024900E719B3 /* MounthlySpentData+CoreDataClass.swift */ = {isa = PBXFileReference; lastKnownFileType = sourcecode.swift; path = "MounthlySpentData+CoreDataClass.swift"; sourceTree = "<group>"; };
		22DA036125A0024900E719B3 /* MounthlySpentData+CoreDataProperties.swift */ = {isa = PBXFileReference; lastKnownFileType = sourcecode.swift; path = "MounthlySpentData+CoreDataProperties.swift"; sourceTree = "<group>"; };
		22DA036225A0024900E719B3 /* UserData+CoreDataClass.swift */ = {isa = PBXFileReference; lastKnownFileType = sourcecode.swift; path = "UserData+CoreDataClass.swift"; sourceTree = "<group>"; };
		22DA036325A0024900E719B3 /* UserData+CoreDataProperties.swift */ = {isa = PBXFileReference; lastKnownFileType = sourcecode.swift; path = "UserData+CoreDataProperties.swift"; sourceTree = "<group>"; };
		A85415000063469895EA1C69 /* Pods-Smart Expence Tracker.debug.xcconfig */ = {isa = PBXFileReference; includeInIndex = 1; lastKnownFileType = text.xcconfig; name = "Pods-Smart Expence Tracker.debug.xcconfig"; path = "Target Support Files/Pods-Smart Expence Tracker/Pods-Smart Expence Tracker.debug.xcconfig"; sourceTree = "<group>"; };
		B6ADD3F63135F31DE75D7406 /* Pods_Smart_Expence_Tracker.framework */ = {isa = PBXFileReference; explicitFileType = wrapper.framework; includeInIndex = 0; path = Pods_Smart_Expence_Tracker.framework; sourceTree = BUILT_PRODUCTS_DIR; };
		EB57BC6B53F407B0BF385A82 /* Pods-Smart Expence Tracker.release.xcconfig */ = {isa = PBXFileReference; includeInIndex = 1; lastKnownFileType = text.xcconfig; name = "Pods-Smart Expence Tracker.release.xcconfig"; path = "Target Support Files/Pods-Smart Expence Tracker/Pods-Smart Expence Tracker.release.xcconfig"; sourceTree = "<group>"; };
/* End PBXFileReference section */

/* Begin PBXFrameworksBuildPhase section */
		225684D92574759D005553A8 /* Frameworks */ = {
			isa = PBXFrameworksBuildPhase;
			buildActionMask = 2147483647;
			files = (
				5ED7AC5BBD7E3F4D23EA37BF /* Pods_Smart_Expence_Tracker.framework in Frameworks */,
			);
			runOnlyForDeploymentPostprocessing = 0;
		};
/* End PBXFrameworksBuildPhase section */

/* Begin PBXGroup section */
		225684D32574759D005553A8 = {
			isa = PBXGroup;
			children = (
				225684DE2574759D005553A8 /* Smart Expence Tracker */,
				225684DD2574759D005553A8 /* Products */,
				EAB1B336889F609A829B4615 /* Pods */,
				68DBC6FE8EC5B5BAED724B77 /* Frameworks */,
			);
			sourceTree = "<group>";
		};
		225684DD2574759D005553A8 /* Products */ = {
			isa = PBXGroup;
			children = (
				225684DC2574759D005553A8 /* Smart Expence Tracker.app */,
			);
			name = Products;
			sourceTree = "<group>";
		};
		225684DE2574759D005553A8 /* Smart Expence Tracker */ = {
			isa = PBXGroup;
			children = (
				22DA0302259FFABC00E719B3 /* UserModel.xcdatamodeld */,
				22E0F1702596EBF60021D277 /* Cells */,
				22568589257D559F005553A8 /* Models */,
				2256858A257D55AA005553A8 /* Views */,
				2256858B257D55B8005553A8 /* ViewControllers */,
				2256858D257D5623005553A8 /* Resources */,
				225684DF2574759D005553A8 /* AppDelegate.swift */,
				225684E12574759D005553A8 /* SceneDelegate.swift */,
				225684ED2574759E005553A8 /* Info.plist */,
			);
			path = "Smart Expence Tracker";
			sourceTree = "<group>";
		};
		22568589257D559F005553A8 /* Models */ = {
			isa = PBXGroup;
			children = (
				22DA035C25A0024900E719B3 /* DebitCardData+CoreDataClass.swift */,
				22DA035D25A0024900E719B3 /* DebitCardData+CoreDataProperties.swift */,
				22DA035E25A0024900E719B3 /* JobData+CoreDataClass.swift */,
				22DA035F25A0024900E719B3 /* JobData+CoreDataProperties.swift */,
				22DA036025A0024900E719B3 /* MounthlySpentData+CoreDataClass.swift */,
				22DA036125A0024900E719B3 /* MounthlySpentData+CoreDataProperties.swift */,
				22DA036225A0024900E719B3 /* UserData+CoreDataClass.swift */,
				22DA036325A0024900E719B3 /* UserData+CoreDataProperties.swift */,
				2256859D257D574F005553A8 /* User.swift */,
				22C3360725857BD400579C39 /* UserState.swift */,
			);
			path = Models;
			sourceTree = "<group>";
		};
		2256858A257D55AA005553A8 /* Views */ = {
			isa = PBXGroup;
			children = (
				225684E52574759D005553A8 /* Main.storyboard */,
			);
			path = Views;
			sourceTree = "<group>";
		};
		2256858B257D55B8005553A8 /* ViewControllers */ = {
			isa = PBXGroup;
			children = (
				22568555257D43AE005553A8 /* QuestionsViewController.swift */,
				22C3360A2585870300579C39 /* ChangeExtraSpentViewController.swift */,
				22C3360D25858C1300579C39 /* JobsViewController.swift */,
				2256858C257D55C4005553A8 /* Registration */,
			);
			path = ViewControllers;
			sourceTree = "<group>";
		};
		2256858C257D55C4005553A8 /* Registration */ = {
			isa = PBXGroup;
			children = (
				225684E32574759D005553A8 /* WelcomeViewController.swift */,
				225684F525788698005553A8 /* LoginViewController.swift */,
				225684F825788DEE005553A8 /* PasswordViewController.swift */,
			);
			path = Registration;
			sourceTree = "<group>";
		};
		2256858D257D5623005553A8 /* Resources */ = {
			isa = PBXGroup;
			children = (
				225684E82574759E005553A8 /* Assets.xcassets */,
				225684EA2574759E005553A8 /* LaunchScreen.storyboard */,
				225684FB257C57AF005553A8 /* GoogleService-Info.plist */,
				22568565257D4A80005553A8 /* HelpFunctions.swift */,
			);
			path = Resources;
			sourceTree = "<group>";
		};
		22E0F1702596EBF60021D277 /* Cells */ = {
			isa = PBXGroup;
			children = (
				2202CD0E259EDEE000ECA059 /* DebitCardCell.swift */,
				2202CD0F259EDEE000ECA059 /* DebitCardCell.xib */,
				22C3361025858CEA00579C39 /* jobsTableViewCell.swift */,
				22C3361125858CEA00579C39 /* jobsTableViewCell.xib */,
			);
			path = Cells;
			sourceTree = "<group>";
		};
		68DBC6FE8EC5B5BAED724B77 /* Frameworks */ = {
			isa = PBXGroup;
			children = (
				B6ADD3F63135F31DE75D7406 /* Pods_Smart_Expence_Tracker.framework */,
			);
			name = Frameworks;
			sourceTree = "<group>";
		};
		EAB1B336889F609A829B4615 /* Pods */ = {
			isa = PBXGroup;
			children = (
				A85415000063469895EA1C69 /* Pods-Smart Expence Tracker.debug.xcconfig */,
				EB57BC6B53F407B0BF385A82 /* Pods-Smart Expence Tracker.release.xcconfig */,
			);
			path = Pods;
			sourceTree = "<group>";
		};
/* End PBXGroup section */

/* Begin PBXNativeTarget section */
		225684DB2574759D005553A8 /* Smart Expence Tracker */ = {
			isa = PBXNativeTarget;
			buildConfigurationList = 225684F02574759E005553A8 /* Build configuration list for PBXNativeTarget "Smart Expence Tracker" */;
			buildPhases = (
				81FC4534821DCBD60DB06B15 /* [CP] Check Pods Manifest.lock */,
				225684D82574759D005553A8 /* Sources */,
				225684D92574759D005553A8 /* Frameworks */,
				225684DA2574759D005553A8 /* Resources */,
				3063DE75C1D540526BA7CDB0 /* [CP] Embed Pods Frameworks */,
			);
			buildRules = (
			);
			dependencies = (
			);
			name = "Smart Expence Tracker";
			productName = "Smart Expence Tracker";
			productReference = 225684DC2574759D005553A8 /* Smart Expence Tracker.app */;
			productType = "com.apple.product-type.application";
		};
/* End PBXNativeTarget section */

/* Begin PBXProject section */
		225684D42574759D005553A8 /* Project object */ = {
			isa = PBXProject;
			attributes = {
				LastSwiftUpdateCheck = 1220;
				LastUpgradeCheck = 1220;
				TargetAttributes = {
					225684DB2574759D005553A8 = {
						CreatedOnToolsVersion = 12.2;
					};
				};
			};
			buildConfigurationList = 225684D72574759D005553A8 /* Build configuration list for PBXProject "Smart Expence Tracker" */;
			compatibilityVersion = "Xcode 9.3";
			developmentRegion = en;
			hasScannedForEncodings = 0;
			knownRegions = (
				en,
				Base,
			);
			mainGroup = 225684D32574759D005553A8;
			productRefGroup = 225684DD2574759D005553A8 /* Products */;
			projectDirPath = "";
			projectRoot = "";
			targets = (
				225684DB2574759D005553A8 /* Smart Expence Tracker */,
			);
		};
/* End PBXProject section */

/* Begin PBXResourcesBuildPhase section */
		225684DA2574759D005553A8 /* Resources */ = {
			isa = PBXResourcesBuildPhase;
			buildActionMask = 2147483647;
			files = (
				225684EC2574759E005553A8 /* LaunchScreen.storyboard in Resources */,
				225684E92574759E005553A8 /* Assets.xcassets in Resources */,
				22C3361325858CEA00579C39 /* jobsTableViewCell.xib in Resources */,
				225684E72574759D005553A8 /* Main.storyboard in Resources */,
				2202CD11259EDEE000ECA059 /* DebitCardCell.xib in Resources */,
				225684FC257C57AF005553A8 /* GoogleService-Info.plist in Resources */,
			);
			runOnlyForDeploymentPostprocessing = 0;
		};
/* End PBXResourcesBuildPhase section */

/* Begin PBXShellScriptBuildPhase section */
		3063DE75C1D540526BA7CDB0 /* [CP] Embed Pods Frameworks */ = {
			isa = PBXShellScriptBuildPhase;
			buildActionMask = 2147483647;
			files = (
			);
			inputFileListPaths = (
				"${PODS_ROOT}/Target Support Files/Pods-Smart Expence Tracker/Pods-Smart Expence Tracker-frameworks-${CONFIGURATION}-input-files.xcfilelist",
			);
			name = "[CP] Embed Pods Frameworks";
			outputFileListPaths = (
				"${PODS_ROOT}/Target Support Files/Pods-Smart Expence Tracker/Pods-Smart Expence Tracker-frameworks-${CONFIGURATION}-output-files.xcfilelist",
			);
			runOnlyForDeploymentPostprocessing = 0;
			shellPath = /bin/sh;
			shellScript = "\"${PODS_ROOT}/Target Support Files/Pods-Smart Expence Tracker/Pods-Smart Expence Tracker-frameworks.sh\"\n";
			showEnvVarsInLog = 0;
		};
		81FC4534821DCBD60DB06B15 /* [CP] Check Pods Manifest.lock */ = {
			isa = PBXShellScriptBuildPhase;
			buildActionMask = 2147483647;
			files = (
			);
			inputFileListPaths = (
			);
			inputPaths = (
				"${PODS_PODFILE_DIR_PATH}/Podfile.lock",
				"${PODS_ROOT}/Manifest.lock",
			);
			name = "[CP] Check Pods Manifest.lock";
			outputFileListPaths = (
			);
			outputPaths = (
				"$(DERIVED_FILE_DIR)/Pods-Smart Expence Tracker-checkManifestLockResult.txt",
			);
			runOnlyForDeploymentPostprocessing = 0;
			shellPath = /bin/sh;
			shellScript = "diff \"${PODS_PODFILE_DIR_PATH}/Podfile.lock\" \"${PODS_ROOT}/Manifest.lock\" > /dev/null\nif [ $? != 0 ] ; then\n    # print error to STDERR\n    echo \"error: The sandbox is not in sync with the Podfile.lock. Run 'pod install' or update your CocoaPods installation.\" >&2\n    exit 1\nfi\n# This output is used by Xcode 'outputs' to avoid re-running this script phase.\necho \"SUCCESS\" > \"${SCRIPT_OUTPUT_FILE_0}\"\n";
			showEnvVarsInLog = 0;
		};
/* End PBXShellScriptBuildPhase section */

/* Begin PBXSourcesBuildPhase section */
		225684D82574759D005553A8 /* Sources */ = {
			isa = PBXSourcesBuildPhase;
			buildActionMask = 2147483647;
			files = (
				22DA036B25A0024900E719B3 /* UserData+CoreDataProperties.swift in Sources */,
				22DA0304259FFABC00E719B3 /* UserModel.xcdatamodeld in Sources */,
				22C3360825857BD400579C39 /* UserState.swift in Sources */,
				22DA036725A0024900E719B3 /* JobData+CoreDataProperties.swift in Sources */,
				22DA036A25A0024900E719B3 /* UserData+CoreDataClass.swift in Sources */,
				225684F625788698005553A8 /* LoginViewController.swift in Sources */,
				2202CD10259EDEE000ECA059 /* DebitCardCell.swift in Sources */,
				22DA036425A0024900E719B3 /* DebitCardData+CoreDataClass.swift in Sources */,
				22C3360B2585870300579C39 /* ChangeExtraSpentViewController.swift in Sources */,
				225684F925788DEE005553A8 /* PasswordViewController.swift in Sources */,
				22568556257D43AE005553A8 /* QuestionsViewController.swift in Sources */,
				22DA036525A0024900E719B3 /* DebitCardData+CoreDataProperties.swift in Sources */,
				22DA036625A0024900E719B3 /* JobData+CoreDataClass.swift in Sources */,
				225684E42574759D005553A8 /* WelcomeViewController.swift in Sources */,
				22DA036925A0024900E719B3 /* MounthlySpentData+CoreDataProperties.swift in Sources */,
				2256859E257D574F005553A8 /* User.swift in Sources */,
				225684E02574759D005553A8 /* AppDelegate.swift in Sources */,
				225684E22574759D005553A8 /* SceneDelegate.swift in Sources */,
				22DA036825A0024900E719B3 /* MounthlySpentData+CoreDataClass.swift in Sources */,
				22C3360E25858C1300579C39 /* JobsViewController.swift in Sources */,
				22568566257D4A80005553A8 /* HelpFunctions.swift in Sources */,
				22C3361225858CEA00579C39 /* jobsTableViewCell.swift in Sources */,
			);
			runOnlyForDeploymentPostprocessing = 0;
		};
/* End PBXSourcesBuildPhase section */

/* Begin PBXVariantGroup section */
		225684E52574759D005553A8 /* Main.storyboard */ = {
			isa = PBXVariantGroup;
			children = (
				225684E62574759D005553A8 /* Base */,
			);
			name = Main.storyboard;
			sourceTree = "<group>";
		};
		225684EA2574759E005553A8 /* LaunchScreen.storyboard */ = {
			isa = PBXVariantGroup;
			children = (
				225684EB2574759E005553A8 /* Base */,
			);
			name = LaunchScreen.storyboard;
			sourceTree = "<group>";
		};
/* End PBXVariantGroup section */

/* Begin XCBuildConfiguration section */
		225684EE2574759E005553A8 /* Debug */ = {
			isa = XCBuildConfiguration;
			buildSettings = {
				ALWAYS_SEARCH_USER_PATHS = NO;
				CLANG_ANALYZER_NONNULL = YES;
				CLANG_ANALYZER_NUMBER_OBJECT_CONVERSION = YES_AGGRESSIVE;
				CLANG_CXX_LANGUAGE_STANDARD = "gnu++14";
				CLANG_CXX_LIBRARY = "libc++";
				CLANG_ENABLE_MODULES = YES;
				CLANG_ENABLE_OBJC_ARC = YES;
				CLANG_ENABLE_OBJC_WEAK = YES;
				CLANG_WARN_BLOCK_CAPTURE_AUTORELEASING = YES;
				CLANG_WARN_BOOL_CONVERSION = YES;
				CLANG_WARN_COMMA = YES;
				CLANG_WARN_CONSTANT_CONVERSION = YES;
				CLANG_WARN_DEPRECATED_OBJC_IMPLEMENTATIONS = YES;
				CLANG_WARN_DIRECT_OBJC_ISA_USAGE = YES_ERROR;
				CLANG_WARN_DOCUMENTATION_COMMENTS = YES;
				CLANG_WARN_EMPTY_BODY = YES;
				CLANG_WARN_ENUM_CONVERSION = YES;
				CLANG_WARN_INFINITE_RECURSION = YES;
				CLANG_WARN_INT_CONVERSION = YES;
				CLANG_WARN_NON_LITERAL_NULL_CONVERSION = YES;
				CLANG_WARN_OBJC_IMPLICIT_RETAIN_SELF = YES;
				CLANG_WARN_OBJC_LITERAL_CONVERSION = YES;
				CLANG_WARN_OBJC_ROOT_CLASS = YES_ERROR;
				CLANG_WARN_QUOTED_INCLUDE_IN_FRAMEWORK_HEADER = YES;
				CLANG_WARN_RANGE_LOOP_ANALYSIS = YES;
				CLANG_WARN_STRICT_PROTOTYPES = YES;
				CLANG_WARN_SUSPICIOUS_MOVE = YES;
				CLANG_WARN_UNGUARDED_AVAILABILITY = YES_AGGRESSIVE;
				CLANG_WARN_UNREACHABLE_CODE = YES;
				CLANG_WARN__DUPLICATE_METHOD_MATCH = YES;
				COPY_PHASE_STRIP = NO;
				DEBUG_INFORMATION_FORMAT = dwarf;
				ENABLE_STRICT_OBJC_MSGSEND = YES;
				ENABLE_TESTABILITY = YES;
				GCC_C_LANGUAGE_STANDARD = gnu11;
				GCC_DYNAMIC_NO_PIC = NO;
				GCC_NO_COMMON_BLOCKS = YES;
				GCC_OPTIMIZATION_LEVEL = 0;
				GCC_PREPROCESSOR_DEFINITIONS = (
					"DEBUG=1",
					"$(inherited)",
				);
				GCC_WARN_64_TO_32_BIT_CONVERSION = YES;
				GCC_WARN_ABOUT_RETURN_TYPE = YES_ERROR;
				GCC_WARN_UNDECLARED_SELECTOR = YES;
				GCC_WARN_UNINITIALIZED_AUTOS = YES_AGGRESSIVE;
				GCC_WARN_UNUSED_FUNCTION = YES;
				GCC_WARN_UNUSED_VARIABLE = YES;
				IPHONEOS_DEPLOYMENT_TARGET = 14.2;
				MTL_ENABLE_DEBUG_INFO = INCLUDE_SOURCE;
				MTL_FAST_MATH = YES;
				ONLY_ACTIVE_ARCH = YES;
				SDKROOT = iphoneos;
				SWIFT_ACTIVE_COMPILATION_CONDITIONS = DEBUG;
				SWIFT_OPTIMIZATION_LEVEL = "-Onone";
			};
			name = Debug;
		};
		225684EF2574759E005553A8 /* Release */ = {
			isa = XCBuildConfiguration;
			buildSettings = {
				ALWAYS_SEARCH_USER_PATHS = NO;
				CLANG_ANALYZER_NONNULL = YES;
				CLANG_ANALYZER_NUMBER_OBJECT_CONVERSION = YES_AGGRESSIVE;
				CLANG_CXX_LANGUAGE_STANDARD = "gnu++14";
				CLANG_CXX_LIBRARY = "libc++";
				CLANG_ENABLE_MODULES = YES;
				CLANG_ENABLE_OBJC_ARC = YES;
				CLANG_ENABLE_OBJC_WEAK = YES;
				CLANG_WARN_BLOCK_CAPTURE_AUTORELEASING = YES;
				CLANG_WARN_BOOL_CONVERSION = YES;
				CLANG_WARN_COMMA = YES;
				CLANG_WARN_CONSTANT_CONVERSION = YES;
				CLANG_WARN_DEPRECATED_OBJC_IMPLEMENTATIONS = YES;
				CLANG_WARN_DIRECT_OBJC_ISA_USAGE = YES_ERROR;
				CLANG_WARN_DOCUMENTATION_COMMENTS = YES;
				CLANG_WARN_EMPTY_BODY = YES;
				CLANG_WARN_ENUM_CONVERSION = YES;
				CLANG_WARN_INFINITE_RECURSION = YES;
				CLANG_WARN_INT_CONVERSION = YES;
				CLANG_WARN_NON_LITERAL_NULL_CONVERSION = YES;
				CLANG_WARN_OBJC_IMPLICIT_RETAIN_SELF = YES;
				CLANG_WARN_OBJC_LITERAL_CONVERSION = YES;
				CLANG_WARN_OBJC_ROOT_CLASS = YES_ERROR;
				CLANG_WARN_QUOTED_INCLUDE_IN_FRAMEWORK_HEADER = YES;
				CLANG_WARN_RANGE_LOOP_ANALYSIS = YES;
				CLANG_WARN_STRICT_PROTOTYPES = YES;
				CLANG_WARN_SUSPICIOUS_MOVE = YES;
				CLANG_WARN_UNGUARDED_AVAILABILITY = YES_AGGRESSIVE;
				CLANG_WARN_UNREACHABLE_CODE = YES;
				CLANG_WARN__DUPLICATE_METHOD_MATCH = YES;
				COPY_PHASE_STRIP = NO;
				DEBUG_INFORMATION_FORMAT = "dwarf-with-dsym";
				ENABLE_NS_ASSERTIONS = NO;
				ENABLE_STRICT_OBJC_MSGSEND = YES;
				GCC_C_LANGUAGE_STANDARD = gnu11;
				GCC_NO_COMMON_BLOCKS = YES;
				GCC_WARN_64_TO_32_BIT_CONVERSION = YES;
				GCC_WARN_ABOUT_RETURN_TYPE = YES_ERROR;
				GCC_WARN_UNDECLARED_SELECTOR = YES;
				GCC_WARN_UNINITIALIZED_AUTOS = YES_AGGRESSIVE;
				GCC_WARN_UNUSED_FUNCTION = YES;
				GCC_WARN_UNUSED_VARIABLE = YES;
				IPHONEOS_DEPLOYMENT_TARGET = 14.2;
				MTL_ENABLE_DEBUG_INFO = NO;
				MTL_FAST_MATH = YES;
				SDKROOT = iphoneos;
				SWIFT_COMPILATION_MODE = wholemodule;
				SWIFT_OPTIMIZATION_LEVEL = "-O";
				VALIDATE_PRODUCT = YES;
			};
			name = Release;
		};
		225684F12574759E005553A8 /* Debug */ = {
			isa = XCBuildConfiguration;
			baseConfigurationReference = A85415000063469895EA1C69 /* Pods-Smart Expence Tracker.debug.xcconfig */;
			buildSettings = {
				ASSETCATALOG_COMPILER_APPICON_NAME = AppIcon;
				ASSETCATALOG_COMPILER_GLOBAL_ACCENT_COLOR_NAME = AccentColor;
				CODE_SIGN_STYLE = Automatic;
				DEVELOPMENT_TEAM = QR78SUHXRC;
				INFOPLIST_FILE = "Smart Expence Tracker/Info.plist";
				LD_RUNPATH_SEARCH_PATHS = (
					"$(inherited)",
					"@executable_path/Frameworks",
				);
				PRODUCT_BUNDLE_IDENTIFIER = "SET.Smart-Expence-Tracker";
				PRODUCT_NAME = "$(TARGET_NAME)";
				SWIFT_VERSION = 5.0;
				TARGETED_DEVICE_FAMILY = "1,2";
			};
			name = Debug;
		};
		225684F22574759E005553A8 /* Release */ = {
			isa = XCBuildConfiguration;
			baseConfigurationReference = EB57BC6B53F407B0BF385A82 /* Pods-Smart Expence Tracker.release.xcconfig */;
			buildSettings = {
				ASSETCATALOG_COMPILER_APPICON_NAME = AppIcon;
				ASSETCATALOG_COMPILER_GLOBAL_ACCENT_COLOR_NAME = AccentColor;
				CODE_SIGN_STYLE = Automatic;
				DEVELOPMENT_TEAM = QR78SUHXRC;
				INFOPLIST_FILE = "Smart Expence Tracker/Info.plist";
				LD_RUNPATH_SEARCH_PATHS = (
					"$(inherited)",
					"@executable_path/Frameworks",
				);
				PRODUCT_BUNDLE_IDENTIFIER = "SET.Smart-Expence-Tracker";
				PRODUCT_NAME = "$(TARGET_NAME)";
				SWIFT_VERSION = 5.0;
				TARGETED_DEVICE_FAMILY = "1,2";
			};
			name = Release;
		};
/* End XCBuildConfiguration section */

/* Begin XCConfigurationList section */
		225684D72574759D005553A8 /* Build configuration list for PBXProject "Smart Expence Tracker" */ = {
			isa = XCConfigurationList;
			buildConfigurations = (
				225684EE2574759E005553A8 /* Debug */,
				225684EF2574759E005553A8 /* Release */,
			);
			defaultConfigurationIsVisible = 0;
			defaultConfigurationName = Release;
		};
		225684F02574759E005553A8 /* Build configuration list for PBXNativeTarget "Smart Expence Tracker" */ = {
			isa = XCConfigurationList;
			buildConfigurations = (
				225684F12574759E005553A8 /* Debug */,
				225684F22574759E005553A8 /* Release */,
			);
			defaultConfigurationIsVisible = 0;
			defaultConfigurationName = Release;
		};
/* End XCConfigurationList section */

/* Begin XCVersionGroup section */
		22DA0302259FFABC00E719B3 /* UserModel.xcdatamodeld */ = {
			isa = XCVersionGroup;
			children = (
				22DA0303259FFABC00E719B3 /* UserModel.xcdatamodel */,
			);
			currentVersion = 22DA0303259FFABC00E719B3 /* UserModel.xcdatamodel */;
			path = UserModel.xcdatamodeld;
			sourceTree = "<group>";
			versionGroupType = wrapper.xcdatamodel;
		};
/* End XCVersionGroup section */
	};
	rootObject = 225684D42574759D005553A8 /* Project object */;
}
